// !$*UTF8*$!
{
	archiveVersion = 1;
	classes = {
	};
	objectVersion = 46;
	objects = {

/* Begin PBXBuildFile section */
		2906E34D1A2AA8590073B07F /* GenderInitialController.m in Sources */ = {isa = PBXBuildFile; fileRef = 2906E34C1A2AA8590073B07F /* GenderInitialController.m */; };
		291E58ED1A2473AF00ACF9B5 /* InitialLoadingView.m in Sources */ = {isa = PBXBuildFile; fileRef = 291E58EB1A2473AF00ACF9B5 /* InitialLoadingView.m */; };
		291E58EE1A2473AF00ACF9B5 /* InitialLoadingView.xib in Resources */ = {isa = PBXBuildFile; fileRef = 291E58EC1A2473AF00ACF9B5 /* InitialLoadingView.xib */; };
		296D85A31A2D88BA00B8F489 /* BarDetailedController.m in Sources */ = {isa = PBXBuildFile; fileRef = 296D85A11A2D88BA00B8F489 /* BarDetailedController.m */; };
		296D85A41A2D88BA00B8F489 /* BarDetailedController.xib in Resources */ = {isa = PBXBuildFile; fileRef = 296D85A21A2D88BA00B8F489 /* BarDetailedController.xib */; };
		29785FF81A2D799D001C6F0D /* GenderSetting.m in Sources */ = {isa = PBXBuildFile; fileRef = 29785FF71A2D799D001C6F0D /* GenderSetting.m */; };
		2983AAA11A2DAC56004094B1 /* DXStarRatingView.m in Sources */ = {isa = PBXBuildFile; fileRef = 2983AAA01A2DAC56004094B1 /* DXStarRatingView.m */; };
		2983AAA51A2DB6D8004094B1 /* positiveArrow.png in Resources */ = {isa = PBXBuildFile; fileRef = 2983AAA31A2DB6D8004094B1 /* positiveArrow.png */; };
		2983AAA71A2DB84B004094B1 /* negativeArrow.png in Resources */ = {isa = PBXBuildFile; fileRef = 2983AAA61A2DB84B004094B1 /* negativeArrow.png */; };
		2983AAAC1A2DC42E004094B1 /* rating-star-off.png in Resources */ = {isa = PBXBuildFile; fileRef = 2983AAA81A2DC42E004094B1 /* rating-star-off.png */; };
		2983AAAD1A2DC42E004094B1 /* rating-star-off@2x.png in Resources */ = {isa = PBXBuildFile; fileRef = 2983AAA91A2DC42E004094B1 /* rating-star-off@2x.png */; };
		2983AAAE1A2DC42E004094B1 /* rating-star-on.png in Resources */ = {isa = PBXBuildFile; fileRef = 2983AAAA1A2DC42E004094B1 /* rating-star-on.png */; };
		2983AAAF1A2DC42E004094B1 /* rating-star-on@2x.png in Resources */ = {isa = PBXBuildFile; fileRef = 2983AAAB1A2DC42E004094B1 /* rating-star-on@2x.png */; };
		29D504171A24492D00EFF44C /* main.m in Sources */ = {isa = PBXBuildFile; fileRef = 29D504161A24492D00EFF44C /* main.m */; };
		29D5041A1A24492D00EFF44C /* AppDelegate.m in Sources */ = {isa = PBXBuildFile; fileRef = 29D504191A24492D00EFF44C /* AppDelegate.m */; };
		29D5041D1A24492D00EFF44C /* GoRatio.xcdatamodeld in Sources */ = {isa = PBXBuildFile; fileRef = 29D5041B1A24492D00EFF44C /* GoRatio.xcdatamodeld */; };
		29D504251A24492D00EFF44C /* Images.xcassets in Resources */ = {isa = PBXBuildFile; fileRef = 29D504241A24492D00EFF44C /* Images.xcassets */; };
		29D504281A24492D00EFF44C /* LaunchScreen.xib in Resources */ = {isa = PBXBuildFile; fileRef = 29D504261A24492D00EFF44C /* LaunchScreen.xib */; };
		29D504401A2449FD00EFF44C /* GenderController.m in Sources */ = {isa = PBXBuildFile; fileRef = 29D5043E1A2449FD00EFF44C /* GenderController.m */; };
		29D504411A2449FD00EFF44C /* GenderController.xib in Resources */ = {isa = PBXBuildFile; fileRef = 29D5043F1A2449FD00EFF44C /* GenderController.xib */; };
		29D504441A244C0700EFF44C /* BarTableController.m in Sources */ = {isa = PBXBuildFile; fileRef = 29D504431A244C0700EFF44C /* BarTableController.m */; };
		29D504471A244D8700EFF44C /* RequestManager.m in Sources */ = {isa = PBXBuildFile; fileRef = 29D504461A244D8700EFF44C /* RequestManager.m */; };
		29D5044A1A244DF500EFF44C /* DataManager.m in Sources */ = {isa = PBXBuildFile; fileRef = 29D504491A244DF500EFF44C /* DataManager.m */; };
		29D5045A1A24541500EFF44C /* LocationTracker.m in Sources */ = {isa = PBXBuildFile; fileRef = 29D504541A24541500EFF44C /* LocationTracker.m */; };
		29D5045B1A24541500EFF44C /* LocationShareModel.m in Sources */ = {isa = PBXBuildFile; fileRef = 29D504561A24541500EFF44C /* LocationShareModel.m */; };
		29D5045C1A24541500EFF44C /* BackgroundTaskManager.m in Sources */ = {isa = PBXBuildFile; fileRef = 29D504581A24541500EFF44C /* BackgroundTaskManager.m */; };
		29D5045E1A2454A400EFF44C /* CoreLocation.framework in Frameworks */ = {isa = PBXBuildFile; fileRef = 29D5045D1A2454A400EFF44C /* CoreLocation.framework */; };
		29D504601A2454B100EFF44C /* CoreGraphics.framework in Frameworks */ = {isa = PBXBuildFile; fileRef = 29D5045F1A2454B100EFF44C /* CoreGraphics.framework */; };
		29D504671A24556E00EFF44C /* UIKit.framework in Frameworks */ = {isa = PBXBuildFile; fileRef = 29D504641A24552800EFF44C /* UIKit.framework */; };
		29D504681A24558500EFF44C /* Foundation.framework in Frameworks */ = {isa = PBXBuildFile; fileRef = 29D504621A2454F300EFF44C /* Foundation.framework */; };
		29D5046E1A245F4D00EFF44C /* Device.m in Sources */ = {isa = PBXBuildFile; fileRef = 29D5046D1A245F4D00EFF44C /* Device.m */; };
		29F00A101A2BF47900FB8A0E /* BarCell.m in Sources */ = {isa = PBXBuildFile; fileRef = 29F00A0E1A2BF47900FB8A0E /* BarCell.m */; };
		29F00A111A2BF47900FB8A0E /* BarCell.xib in Resources */ = {isa = PBXBuildFile; fileRef = 29F00A0F1A2BF47900FB8A0E /* BarCell.xib */; };
		29F00A141A2BF81400FB8A0E /* Bar.m in Sources */ = {isa = PBXBuildFile; fileRef = 29F00A131A2BF81400FB8A0E /* Bar.m */; };
		AB08801EDDBA276A83F10C56 /* libPods-GoRatio.a in Frameworks */ = {isa = PBXBuildFile; fileRef = BBB92777DA4A047F60BCBABD /* libPods-GoRatio.a */; };
/* End PBXBuildFile section */

/* Begin PBXFileReference section */
		2906E34B1A2AA8590073B07F /* GenderInitialController.h */ = {isa = PBXFileReference; fileEncoding = 4; lastKnownFileType = sourcecode.c.h; path = GenderInitialController.h; sourceTree = "<group>"; };
		2906E34C1A2AA8590073B07F /* GenderInitialController.m */ = {isa = PBXFileReference; fileEncoding = 4; lastKnownFileType = sourcecode.c.objc; path = GenderInitialController.m; sourceTree = "<group>"; };
		291E58EA1A2473AF00ACF9B5 /* InitialLoadingView.h */ = {isa = PBXFileReference; fileEncoding = 4; lastKnownFileType = sourcecode.c.h; path = InitialLoadingView.h; sourceTree = "<group>"; };
		291E58EB1A2473AF00ACF9B5 /* InitialLoadingView.m */ = {isa = PBXFileReference; fileEncoding = 4; lastKnownFileType = sourcecode.c.objc; path = InitialLoadingView.m; sourceTree = "<group>"; };
		291E58EC1A2473AF00ACF9B5 /* InitialLoadingView.xib */ = {isa = PBXFileReference; fileEncoding = 4; lastKnownFileType = file.xib; path = InitialLoadingView.xib; sourceTree = "<group>"; };
		296D85A01A2D88BA00B8F489 /* BarDetailedController.h */ = {isa = PBXFileReference; fileEncoding = 4; lastKnownFileType = sourcecode.c.h; path = BarDetailedController.h; sourceTree = "<group>"; };
		296D85A11A2D88BA00B8F489 /* BarDetailedController.m */ = {isa = PBXFileReference; fileEncoding = 4; lastKnownFileType = sourcecode.c.objc; path = BarDetailedController.m; sourceTree = "<group>"; };
		296D85A21A2D88BA00B8F489 /* BarDetailedController.xib */ = {isa = PBXFileReference; fileEncoding = 4; lastKnownFileType = file.xib; path = BarDetailedController.xib; sourceTree = "<group>"; };
		29785FF61A2D799D001C6F0D /* GenderSetting.h */ = {isa = PBXFileReference; fileEncoding = 4; lastKnownFileType = sourcecode.c.h; path = GenderSetting.h; sourceTree = "<group>"; };
		29785FF71A2D799D001C6F0D /* GenderSetting.m */ = {isa = PBXFileReference; fileEncoding = 4; lastKnownFileType = sourcecode.c.objc; path = GenderSetting.m; sourceTree = "<group>"; };
		2983AA9F1A2DAC56004094B1 /* DXStarRatingView.h */ = {isa = PBXFileReference; fileEncoding = 4; lastKnownFileType = sourcecode.c.h; path = DXStarRatingView.h; sourceTree = "<group>"; };
		2983AAA01A2DAC56004094B1 /* DXStarRatingView.m */ = {isa = PBXFileReference; fileEncoding = 4; lastKnownFileType = sourcecode.c.objc; path = DXStarRatingView.m; sourceTree = "<group>"; };
		2983AAA31A2DB6D8004094B1 /* positiveArrow.png */ = {isa = PBXFileReference; lastKnownFileType = image.png; path = positiveArrow.png; sourceTree = "<group>"; };
		2983AAA61A2DB84B004094B1 /* negativeArrow.png */ = {isa = PBXFileReference; lastKnownFileType = image.png; path = negativeArrow.png; sourceTree = "<group>"; };
		2983AAA81A2DC42E004094B1 /* rating-star-off.png */ = {isa = PBXFileReference; lastKnownFileType = image.png; path = "rating-star-off.png"; sourceTree = "<group>"; };
		2983AAA91A2DC42E004094B1 /* rating-star-off@2x.png */ = {isa = PBXFileReference; lastKnownFileType = image.png; path = "rating-star-off@2x.png"; sourceTree = "<group>"; };
		2983AAAA1A2DC42E004094B1 /* rating-star-on.png */ = {isa = PBXFileReference; lastKnownFileType = image.png; path = "rating-star-on.png"; sourceTree = "<group>"; };
		2983AAAB1A2DC42E004094B1 /* rating-star-on@2x.png */ = {isa = PBXFileReference; lastKnownFileType = image.png; path = "rating-star-on@2x.png"; sourceTree = "<group>"; };
		29D504111A24492D00EFF44C /* GoRatio.app */ = {isa = PBXFileReference; explicitFileType = wrapper.application; includeInIndex = 0; path = GoRatio.app; sourceTree = BUILT_PRODUCTS_DIR; };
		29D504151A24492D00EFF44C /* Info.plist */ = {isa = PBXFileReference; lastKnownFileType = text.plist.xml; path = Info.plist; sourceTree = "<group>"; };
		29D504161A24492D00EFF44C /* main.m */ = {isa = PBXFileReference; lastKnownFileType = sourcecode.c.objc; path = main.m; sourceTree = "<group>"; };
		29D504181A24492D00EFF44C /* AppDelegate.h */ = {isa = PBXFileReference; lastKnownFileType = sourcecode.c.h; path = AppDelegate.h; sourceTree = "<group>"; };
		29D504191A24492D00EFF44C /* AppDelegate.m */ = {isa = PBXFileReference; lastKnownFileType = sourcecode.c.objc; path = AppDelegate.m; sourceTree = "<group>"; };
		29D5041C1A24492D00EFF44C /* GoRatio.xcdatamodel */ = {isa = PBXFileReference; lastKnownFileType = wrapper.xcdatamodel; path = GoRatio.xcdatamodel; sourceTree = "<group>"; };
		29D504241A24492D00EFF44C /* Images.xcassets */ = {isa = PBXFileReference; lastKnownFileType = folder.assetcatalog; path = Images.xcassets; sourceTree = "<group>"; };
		29D504271A24492D00EFF44C /* Base */ = {isa = PBXFileReference; lastKnownFileType = file.xib; name = Base; path = Base.lproj/LaunchScreen.xib; sourceTree = "<group>"; };
		29D504321A24492E00EFF44C /* Info.plist */ = {isa = PBXFileReference; lastKnownFileType = text.plist.xml; path = Info.plist; sourceTree = "<group>"; };
		29D504331A24492E00EFF44C /* GoRatioTests.m */ = {isa = PBXFileReference; lastKnownFileType = sourcecode.c.objc; path = GoRatioTests.m; sourceTree = "<group>"; };
		29D5043D1A2449FD00EFF44C /* GenderController.h */ = {isa = PBXFileReference; fileEncoding = 4; lastKnownFileType = sourcecode.c.h; path = GenderController.h; sourceTree = "<group>"; };
		29D5043E1A2449FD00EFF44C /* GenderController.m */ = {isa = PBXFileReference; fileEncoding = 4; lastKnownFileType = sourcecode.c.objc; path = GenderController.m; sourceTree = "<group>"; };
		29D5043F1A2449FD00EFF44C /* GenderController.xib */ = {isa = PBXFileReference; fileEncoding = 4; lastKnownFileType = file.xib; path = GenderController.xib; sourceTree = "<group>"; };
		29D504421A244C0700EFF44C /* BarTableController.h */ = {isa = PBXFileReference; fileEncoding = 4; lastKnownFileType = sourcecode.c.h; path = BarTableController.h; sourceTree = "<group>"; };
		29D504431A244C0700EFF44C /* BarTableController.m */ = {isa = PBXFileReference; fileEncoding = 4; lastKnownFileType = sourcecode.c.objc; path = BarTableController.m; sourceTree = "<group>"; };
		29D504451A244D8700EFF44C /* RequestManager.h */ = {isa = PBXFileReference; fileEncoding = 4; lastKnownFileType = sourcecode.c.h; path = RequestManager.h; sourceTree = "<group>"; };
		29D504461A244D8700EFF44C /* RequestManager.m */ = {isa = PBXFileReference; fileEncoding = 4; lastKnownFileType = sourcecode.c.objc; path = RequestManager.m; sourceTree = "<group>"; };
		29D504481A244DF500EFF44C /* DataManager.h */ = {isa = PBXFileReference; fileEncoding = 4; lastKnownFileType = sourcecode.c.h; path = DataManager.h; sourceTree = "<group>"; };
		29D504491A244DF500EFF44C /* DataManager.m */ = {isa = PBXFileReference; fileEncoding = 4; lastKnownFileType = sourcecode.c.objc; path = DataManager.m; sourceTree = "<group>"; };
		29D504541A24541500EFF44C /* LocationTracker.m */ = {isa = PBXFileReference; fileEncoding = 4; lastKnownFileType = sourcecode.c.objc; path = LocationTracker.m; sourceTree = "<group>"; };
		29D504551A24541500EFF44C /* LocationTracker.h */ = {isa = PBXFileReference; fileEncoding = 4; lastKnownFileType = sourcecode.c.h; path = LocationTracker.h; sourceTree = "<group>"; };
		29D504561A24541500EFF44C /* LocationShareModel.m */ = {isa = PBXFileReference; fileEncoding = 4; lastKnownFileType = sourcecode.c.objc; path = LocationShareModel.m; sourceTree = "<group>"; };
		29D504571A24541500EFF44C /* LocationShareModel.h */ = {isa = PBXFileReference; fileEncoding = 4; lastKnownFileType = sourcecode.c.h; path = LocationShareModel.h; sourceTree = "<group>"; };
		29D504581A24541500EFF44C /* BackgroundTaskManager.m */ = {isa = PBXFileReference; fileEncoding = 4; lastKnownFileType = sourcecode.c.objc; path = BackgroundTaskManager.m; sourceTree = "<group>"; };
		29D504591A24541500EFF44C /* BackgroundTaskManager.h */ = {isa = PBXFileReference; fileEncoding = 4; lastKnownFileType = sourcecode.c.h; path = BackgroundTaskManager.h; sourceTree = "<group>"; };
		29D5045D1A2454A400EFF44C /* CoreLocation.framework */ = {isa = PBXFileReference; lastKnownFileType = wrapper.framework; name = CoreLocation.framework; path = System/Library/Frameworks/CoreLocation.framework; sourceTree = SDKROOT; };
		29D5045F1A2454B100EFF44C /* CoreGraphics.framework */ = {isa = PBXFileReference; lastKnownFileType = wrapper.framework; name = CoreGraphics.framework; path = System/Library/Frameworks/CoreGraphics.framework; sourceTree = SDKROOT; };
		29D504621A2454F300EFF44C /* Foundation.framework */ = {isa = PBXFileReference; lastKnownFileType = wrapper.framework; name = Foundation.framework; path = System/Library/Frameworks/Foundation.framework; sourceTree = SDKROOT; };
		29D504641A24552800EFF44C /* UIKit.framework */ = {isa = PBXFileReference; lastKnownFileType = wrapper.framework; name = UIKit.framework; path = System/Library/Frameworks/UIKit.framework; sourceTree = SDKROOT; };
		29D504691A245A3900EFF44C /* constant.h */ = {isa = PBXFileReference; fileEncoding = 4; lastKnownFileType = sourcecode.c.h; path = constant.h; sourceTree = "<group>"; };
		29D5046C1A245F4C00EFF44C /* Device.h */ = {isa = PBXFileReference; fileEncoding = 4; lastKnownFileType = sourcecode.c.h; path = Device.h; sourceTree = "<group>"; };
		29D5046D1A245F4D00EFF44C /* Device.m */ = {isa = PBXFileReference; fileEncoding = 4; lastKnownFileType = sourcecode.c.objc; path = Device.m; sourceTree = "<group>"; };
		29F00A0D1A2BF47900FB8A0E /* BarCell.h */ = {isa = PBXFileReference; fileEncoding = 4; lastKnownFileType = sourcecode.c.h; path = BarCell.h; sourceTree = "<group>"; };
		29F00A0E1A2BF47900FB8A0E /* BarCell.m */ = {isa = PBXFileReference; fileEncoding = 4; lastKnownFileType = sourcecode.c.objc; path = BarCell.m; sourceTree = "<group>"; };
		29F00A0F1A2BF47900FB8A0E /* BarCell.xib */ = {isa = PBXFileReference; fileEncoding = 4; lastKnownFileType = file.xib; path = BarCell.xib; sourceTree = "<group>"; };
		29F00A121A2BF81400FB8A0E /* Bar.h */ = {isa = PBXFileReference; fileEncoding = 4; lastKnownFileType = sourcecode.c.h; path = Bar.h; sourceTree = "<group>"; };
		29F00A131A2BF81400FB8A0E /* Bar.m */ = {isa = PBXFileReference; fileEncoding = 4; lastKnownFileType = sourcecode.c.objc; path = Bar.m; sourceTree = "<group>"; };
		300FBDECF21A16988DB13395 /* Pods-GoRatio.release.xcconfig */ = {isa = PBXFileReference; includeInIndex = 1; lastKnownFileType = text.xcconfig; name = "Pods-GoRatio.release.xcconfig"; path = "Pods/Target Support Files/Pods-GoRatio/Pods-GoRatio.release.xcconfig"; sourceTree = "<group>"; };
		4AF398A4B7D23DAF1A07AF9C /* Pods-GoRatio.debug.xcconfig */ = {isa = PBXFileReference; includeInIndex = 1; lastKnownFileType = text.xcconfig; name = "Pods-GoRatio.debug.xcconfig"; path = "Pods/Target Support Files/Pods-GoRatio/Pods-GoRatio.debug.xcconfig"; sourceTree = "<group>"; };
		BBB92777DA4A047F60BCBABD /* libPods-GoRatio.a */ = {isa = PBXFileReference; explicitFileType = archive.ar; includeInIndex = 0; path = "libPods-GoRatio.a"; sourceTree = BUILT_PRODUCTS_DIR; };
/* End PBXFileReference section */

/* Begin PBXFrameworksBuildPhase section */
		29D5040E1A24492D00EFF44C /* Frameworks */ = {
			isa = PBXFrameworksBuildPhase;
			buildActionMask = 2147483647;
			files = (
				29D504681A24558500EFF44C /* Foundation.framework in Frameworks */,
				29D504671A24556E00EFF44C /* UIKit.framework in Frameworks */,
				29D504601A2454B100EFF44C /* CoreGraphics.framework in Frameworks */,
				29D5045E1A2454A400EFF44C /* CoreLocation.framework in Frameworks */,
				AB08801EDDBA276A83F10C56 /* libPods-GoRatio.a in Frameworks */,
			);
			runOnlyForDeploymentPostprocessing = 0;
		};
/* End PBXFrameworksBuildPhase section */

/* Begin PBXGroup section */
		09E1D21A7CFA581F3076A61B /* Frameworks */ = {
			isa = PBXGroup;
			children = (
				BBB92777DA4A047F60BCBABD /* libPods-GoRatio.a */,
			);
			name = Frameworks;
			sourceTree = "<group>";
		};
		2906E34A1A2AA81B0073B07F /* Gender */ = {
			isa = PBXGroup;
			children = (
				29D5043D1A2449FD00EFF44C /* GenderController.h */,
				29D5043E1A2449FD00EFF44C /* GenderController.m */,
				29D5043F1A2449FD00EFF44C /* GenderController.xib */,
				2906E34B1A2AA8590073B07F /* GenderInitialController.h */,
				2906E34C1A2AA8590073B07F /* GenderInitialController.m */,
				29785FF61A2D799D001C6F0D /* GenderSetting.h */,
				29785FF71A2D799D001C6F0D /* GenderSetting.m */,
			);
			name = Gender;
			sourceTree = "<group>";
		};
		296D859F1A2D885500B8F489 /* Bar */ = {
			isa = PBXGroup;
			children = (
				29D504421A244C0700EFF44C /* BarTableController.h */,
				29D504431A244C0700EFF44C /* BarTableController.m */,
				296D85A01A2D88BA00B8F489 /* BarDetailedController.h */,
				296D85A11A2D88BA00B8F489 /* BarDetailedController.m */,
				296D85A21A2D88BA00B8F489 /* BarDetailedController.xib */,
				29F00A0D1A2BF47900FB8A0E /* BarCell.h */,
				29F00A0E1A2BF47900FB8A0E /* BarCell.m */,
				29F00A0F1A2BF47900FB8A0E /* BarCell.xib */,
			);
			name = Bar;
			sourceTree = "<group>";
		};
		29CBB8441A2465E600D595CF /* Location */ = {
			isa = PBXGroup;
			children = (
				29D504541A24541500EFF44C /* LocationTracker.m */,
				29D504551A24541500EFF44C /* LocationTracker.h */,
				29D504561A24541500EFF44C /* LocationShareModel.m */,
				29D504571A24541500EFF44C /* LocationShareModel.h */,
				29D504581A24541500EFF44C /* BackgroundTaskManager.m */,
				29D504591A24541500EFF44C /* BackgroundTaskManager.h */,
			);
			name = Location;
			sourceTree = "<group>";
		};
		29D504081A24492D00EFF44C = {
			isa = PBXGroup;
			children = (
				2983AAA81A2DC42E004094B1 /* rating-star-off.png */,
				2983AAA91A2DC42E004094B1 /* rating-star-off@2x.png */,
				2983AAAA1A2DC42E004094B1 /* rating-star-on.png */,
				2983AAAB1A2DC42E004094B1 /* rating-star-on@2x.png */,
				2983AAA61A2DB84B004094B1 /* negativeArrow.png */,
				2983AAA31A2DB6D8004094B1 /* positiveArrow.png */,
				29D504131A24492D00EFF44C /* GoRatio */,
				29D504301A24492E00EFF44C /* GoRatioTests */,
				29D504121A24492D00EFF44C /* Products */,
				29D504611A2454D500EFF44C /* FrameWork */,
				ABF9BB2829C4ED9F3D0F8A0E /* Pods */,
				09E1D21A7CFA581F3076A61B /* Frameworks */,
			);
			sourceTree = "<group>";
		};
		29D504121A24492D00EFF44C /* Products */ = {
			isa = PBXGroup;
			children = (
				29D504111A24492D00EFF44C /* GoRatio.app */,
			);
			name = Products;
			sourceTree = "<group>";
		};
		29D504131A24492D00EFF44C /* GoRatio */ = {
			isa = PBXGroup;
			children = (
				296D859F1A2D885500B8F489 /* Bar */,
				29D504151A24492D00EFF44C /* Info.plist */,
				29CBB8441A2465E600D595CF /* Location */,
				29D5046C1A245F4C00EFF44C /* Device.h */,
				29D5046D1A245F4D00EFF44C /* Device.m */,
				2983AA9F1A2DAC56004094B1 /* DXStarRatingView.h */,
				2983AAA01A2DAC56004094B1 /* DXStarRatingView.m */,
				29D504181A24492D00EFF44C /* AppDelegate.h */,
				29D504191A24492D00EFF44C /* AppDelegate.m */,
				2906E34A1A2AA81B0073B07F /* Gender */,
				29D504241A24492D00EFF44C /* Images.xcassets */,
				29D504261A24492D00EFF44C /* LaunchScreen.xib */,
				29D5041B1A24492D00EFF44C /* GoRatio.xcdatamodeld */,
				29D504141A24492D00EFF44C /* Supporting Files */,
				29D504451A244D8700EFF44C /* RequestManager.h */,
				29D504461A244D8700EFF44C /* RequestManager.m */,
				29D504481A244DF500EFF44C /* DataManager.h */,
				29D504491A244DF500EFF44C /* DataManager.m */,
				29D504691A245A3900EFF44C /* constant.h */,
				291E58EA1A2473AF00ACF9B5 /* InitialLoadingView.h */,
				291E58EB1A2473AF00ACF9B5 /* InitialLoadingView.m */,
				291E58EC1A2473AF00ACF9B5 /* InitialLoadingView.xib */,
				29F00A121A2BF81400FB8A0E /* Bar.h */,
				29F00A131A2BF81400FB8A0E /* Bar.m */,
			);
			path = GoRatio;
			sourceTree = "<group>";
		};
		29D504141A24492D00EFF44C /* Supporting Files */ = {
			isa = PBXGroup;
			children = (
				29D504161A24492D00EFF44C /* main.m */,
			);
			name = "Supporting Files";
			sourceTree = "<group>";
		};
		29D504301A24492E00EFF44C /* GoRatioTests */ = {
			isa = PBXGroup;
			children = (
				29D504331A24492E00EFF44C /* GoRatioTests.m */,
				29D504311A24492E00EFF44C /* Supporting Files */,
			);
			path = GoRatioTests;
			sourceTree = "<group>";
		};
		29D504311A24492E00EFF44C /* Supporting Files */ = {
			isa = PBXGroup;
			children = (
				29D504321A24492E00EFF44C /* Info.plist */,
			);
			name = "Supporting Files";
			sourceTree = "<group>";
		};
		29D504611A2454D500EFF44C /* FrameWork */ = {
			isa = PBXGroup;
			children = (
				29D504641A24552800EFF44C /* UIKit.framework */,
				29D504621A2454F300EFF44C /* Foundation.framework */,
				29D5045D1A2454A400EFF44C /* CoreLocation.framework */,
				29D5045F1A2454B100EFF44C /* CoreGraphics.framework */,
			);
			name = FrameWork;
			path = GoRatio;
			sourceTree = "<group>";
		};
		ABF9BB2829C4ED9F3D0F8A0E /* Pods */ = {
			isa = PBXGroup;
			children = (
				4AF398A4B7D23DAF1A07AF9C /* Pods-GoRatio.debug.xcconfig */,
				300FBDECF21A16988DB13395 /* Pods-GoRatio.release.xcconfig */,
			);
			name = Pods;
			sourceTree = "<group>";
		};
/* End PBXGroup section */

/* Begin PBXNativeTarget section */
		29D504101A24492D00EFF44C /* GoRatio */ = {
			isa = PBXNativeTarget;
			buildConfigurationList = 29D504371A24492E00EFF44C /* Build configuration list for PBXNativeTarget "GoRatio" */;
			buildPhases = (
				FDC619B6B80F5A60BFF5DAF2 /* Check Pods Manifest.lock */,
				29D5040D1A24492D00EFF44C /* Sources */,
				29D5040E1A24492D00EFF44C /* Frameworks */,
				29D5040F1A24492D00EFF44C /* Resources */,
				7B64A9CB4ABB641A486181B6 /* Copy Pods Resources */,
			);
			buildRules = (
			);
			dependencies = (
			);
			name = GoRatio;
			productName = GoRatio;
			productReference = 29D504111A24492D00EFF44C /* GoRatio.app */;
			productType = "com.apple.product-type.application";
		};
/* End PBXNativeTarget section */

/* Begin PBXProject section */
		29D504091A24492D00EFF44C /* Project object */ = {
			isa = PBXProject;
			attributes = {
				LastUpgradeCheck = 0610;
				ORGANIZATIONNAME = "Ethan Keiser";
				TargetAttributes = {
					29D504101A24492D00EFF44C = {
						CreatedOnToolsVersion = 6.1;
						SystemCapabilities = {
							com.apple.BackgroundModes = {
								enabled = 1;
							};
						};
					};
				};
			};
			buildConfigurationList = 29D5040C1A24492D00EFF44C /* Build configuration list for PBXProject "GoRatio" */;
			compatibilityVersion = "Xcode 3.2";
			developmentRegion = English;
			hasScannedForEncodings = 0;
			knownRegions = (
				en,
				Base,
			);
			mainGroup = 29D504081A24492D00EFF44C;
			productRefGroup = 29D504121A24492D00EFF44C /* Products */;
			projectDirPath = "";
			projectRoot = "";
			targets = (
				29D504101A24492D00EFF44C /* GoRatio */,
			);
		};
/* End PBXProject section */

/* Begin PBXResourcesBuildPhase section */
		29D5040F1A24492D00EFF44C /* Resources */ = {
			isa = PBXResourcesBuildPhase;
			buildActionMask = 2147483647;
			files = (
				2983AAAC1A2DC42E004094B1 /* rating-star-off.png in Resources */,
				29D504281A24492D00EFF44C /* LaunchScreen.xib in Resources */,
				2983AAAE1A2DC42E004094B1 /* rating-star-on.png in Resources */,
				2983AAA51A2DB6D8004094B1 /* positiveArrow.png in Resources */,
				2983AAA71A2DB84B004094B1 /* negativeArrow.png in Resources */,
				29D504411A2449FD00EFF44C /* GenderController.xib in Resources */,
				29F00A111A2BF47900FB8A0E /* BarCell.xib in Resources */,
				296D85A41A2D88BA00B8F489 /* BarDetailedController.xib in Resources */,
				2983AAAF1A2DC42E004094B1 /* rating-star-on@2x.png in Resources */,
				291E58EE1A2473AF00ACF9B5 /* InitialLoadingView.xib in Resources */,
				29D504251A24492D00EFF44C /* Images.xcassets in Resources */,
				2983AAAD1A2DC42E004094B1 /* rating-star-off@2x.png in Resources */,
			);
			runOnlyForDeploymentPostprocessing = 0;
		};
/* End PBXResourcesBuildPhase section */

/* Begin PBXShellScriptBuildPhase section */
		7B64A9CB4ABB641A486181B6 /* Copy Pods Resources */ = {
			isa = PBXShellScriptBuildPhase;
			buildActionMask = 2147483647;
			files = (
			);
			inputPaths = (
			);
			name = "Copy Pods Resources";
			outputPaths = (
			);
			runOnlyForDeploymentPostprocessing = 0;
			shellPath = /bin/sh;
			shellScript = "\"${SRCROOT}/Pods/Target Support Files/Pods-GoRatio/Pods-GoRatio-resources.sh\"\n";
			showEnvVarsInLog = 0;
		};
		FDC619B6B80F5A60BFF5DAF2 /* Check Pods Manifest.lock */ = {
			isa = PBXShellScriptBuildPhase;
			buildActionMask = 2147483647;
			files = (
			);
			inputPaths = (
			);
			name = "Check Pods Manifest.lock";
			outputPaths = (
			);
			runOnlyForDeploymentPostprocessing = 0;
			shellPath = /bin/sh;
			shellScript = "diff \"${PODS_ROOT}/../Podfile.lock\" \"${PODS_ROOT}/Manifest.lock\" > /dev/null\nif [[ $? != 0 ]] ; then\n    cat << EOM\nerror: The sandbox is not in sync with the Podfile.lock. Run 'pod install' or update your CocoaPods installation.\nEOM\n    exit 1\nfi\n";
			showEnvVarsInLog = 0;
		};
/* End PBXShellScriptBuildPhase section */

/* Begin PBXSourcesBuildPhase section */
		29D5040D1A24492D00EFF44C /* Sources */ = {
			isa = PBXSourcesBuildPhase;
			buildActionMask = 2147483647;
			files = (
				29D5045C1A24541500EFF44C /* BackgroundTaskManager.m in Sources */,
				2983AAA11A2DAC56004094B1 /* DXStarRatingView.m in Sources */,
				29D5041A1A24492D00EFF44C /* AppDelegate.m in Sources */,
				296D85A31A2D88BA00B8F489 /* BarDetailedController.m in Sources */,
				291E58ED1A2473AF00ACF9B5 /* InitialLoadingView.m in Sources */,
				29D5045A1A24541500EFF44C /* LocationTracker.m in Sources */,
				29D504441A244C0700EFF44C /* BarTableController.m in Sources */,
				29F00A101A2BF47900FB8A0E /* BarCell.m in Sources */,
				29D5044A1A244DF500EFF44C /* DataManager.m in Sources */,
				29D5041D1A24492D00EFF44C /* GoRatio.xcdatamodeld in Sources */,
				2906E34D1A2AA8590073B07F /* GenderInitialController.m in Sources */,
				29D5045B1A24541500EFF44C /* LocationShareModel.m in Sources */,
				29D5046E1A245F4D00EFF44C /* Device.m in Sources */,
				29D504471A244D8700EFF44C /* RequestManager.m in Sources */,
				29F00A141A2BF81400FB8A0E /* Bar.m in Sources */,
				29785FF81A2D799D001C6F0D /* GenderSetting.m in Sources */,
				29D504171A24492D00EFF44C /* main.m in Sources */,
				29D504401A2449FD00EFF44C /* GenderController.m in Sources */,
			);
			runOnlyForDeploymentPostprocessing = 0;
		};
/* End PBXSourcesBuildPhase section */

/* Begin PBXVariantGroup section */
		29D504261A24492D00EFF44C /* LaunchScreen.xib */ = {
			isa = PBXVariantGroup;
			children = (
				29D504271A24492D00EFF44C /* Base */,
			);
			name = LaunchScreen.xib;
			sourceTree = "<group>";
		};
/* End PBXVariantGroup section */

/* Begin XCBuildConfiguration section */
		29D504351A24492E00EFF44C /* Debug */ = {
			isa = XCBuildConfiguration;
			buildSettings = {
				ALWAYS_SEARCH_USER_PATHS = NO;
				CLANG_CXX_LANGUAGE_STANDARD = "gnu++0x";
				CLANG_CXX_LIBRARY = "libc++";
				CLANG_ENABLE_MODULES = YES;
				CLANG_ENABLE_OBJC_ARC = YES;
				CLANG_WARN_BOOL_CONVERSION = YES;
				CLANG_WARN_CONSTANT_CONVERSION = YES;
				CLANG_WARN_DIRECT_OBJC_ISA_USAGE = YES_ERROR;
				CLANG_WARN_EMPTY_BODY = YES;
				CLANG_WARN_ENUM_CONVERSION = YES;
				CLANG_WARN_INT_CONVERSION = YES;
				CLANG_WARN_OBJC_ROOT_CLASS = YES_ERROR;
				CLANG_WARN_UNREACHABLE_CODE = YES;
				CLANG_WARN__DUPLICATE_METHOD_MATCH = YES;
				"CODE_SIGN_IDENTITY[sdk=iphoneos*]" = "iPhone Developer";
				COPY_PHASE_STRIP = NO;
				ENABLE_STRICT_OBJC_MSGSEND = YES;
				GCC_C_LANGUAGE_STANDARD = gnu99;
				GCC_DYNAMIC_NO_PIC = NO;
				GCC_OPTIMIZATION_LEVEL = 0;
				GCC_PREPROCESSOR_DEFINITIONS = (
					"DEBUG=1",
					"$(inherited)",
				);
				GCC_SYMBOLS_PRIVATE_EXTERN = NO;
				GCC_WARN_64_TO_32_BIT_CONVERSION = YES;
				GCC_WARN_ABOUT_RETURN_TYPE = YES_ERROR;
				GCC_WARN_UNDECLARED_SELECTOR = YES;
				GCC_WARN_UNINITIALIZED_AUTOS = YES_AGGRESSIVE;
				GCC_WARN_UNUSED_FUNCTION = YES;
				GCC_WARN_UNUSED_VARIABLE = YES;
				IPHONEOS_DEPLOYMENT_TARGET = 8.1;
				MTL_ENABLE_DEBUG_INFO = YES;
				ONLY_ACTIVE_ARCH = YES;
				SDKROOT = iphoneos;
			};
			name = Debug;
		};
		29D504361A24492E00EFF44C /* Release */ = {
			isa = XCBuildConfiguration;
			buildSettings = {
				ALWAYS_SEARCH_USER_PATHS = NO;
				CLANG_CXX_LANGUAGE_STANDARD = "gnu++0x";
				CLANG_CXX_LIBRARY = "libc++";
				CLANG_ENABLE_MODULES = YES;
				CLANG_ENABLE_OBJC_ARC = YES;
				CLANG_WARN_BOOL_CONVERSION = YES;
				CLANG_WARN_CONSTANT_CONVERSION = YES;
				CLANG_WARN_DIRECT_OBJC_ISA_USAGE = YES_ERROR;
				CLANG_WARN_EMPTY_BODY = YES;
				CLANG_WARN_ENUM_CONVERSION = YES;
				CLANG_WARN_INT_CONVERSION = YES;
				CLANG_WARN_OBJC_ROOT_CLASS = YES_ERROR;
				CLANG_WARN_UNREACHABLE_CODE = YES;
				CLANG_WARN__DUPLICATE_METHOD_MATCH = YES;
				"CODE_SIGN_IDENTITY[sdk=iphoneos*]" = "iPhone Developer";
				COPY_PHASE_STRIP = YES;
				ENABLE_NS_ASSERTIONS = NO;
				ENABLE_STRICT_OBJC_MSGSEND = YES;
				GCC_C_LANGUAGE_STANDARD = gnu99;
				GCC_WARN_64_TO_32_BIT_CONVERSION = YES;
				GCC_WARN_ABOUT_RETURN_TYPE = YES_ERROR;
				GCC_WARN_UNDECLARED_SELECTOR = YES;
				GCC_WARN_UNINITIALIZED_AUTOS = YES_AGGRESSIVE;
				GCC_WARN_UNUSED_FUNCTION = YES;
				GCC_WARN_UNUSED_VARIABLE = YES;
				IPHONEOS_DEPLOYMENT_TARGET = 8.1;
				MTL_ENABLE_DEBUG_INFO = NO;
				SDKROOT = iphoneos;
				VALIDATE_PRODUCT = YES;
			};
			name = Release;
		};
		29D504381A24492E00EFF44C /* Debug */ = {
			isa = XCBuildConfiguration;
			baseConfigurationReference = 4AF398A4B7D23DAF1A07AF9C /* Pods-GoRatio.debug.xcconfig */;
			buildSettings = {
				ASSETCATALOG_COMPILER_APPICON_NAME = AppIcon;
				INFOPLIST_FILE = GoRatio/Info.plist;
				IPHONEOS_DEPLOYMENT_TARGET = 7.1;
				LD_RUNPATH_SEARCH_PATHS = "$(inherited) @executable_path/Frameworks";
				PRODUCT_NAME = "$(TARGET_NAME)";
			};
			name = Debug;
		};
		29D504391A24492E00EFF44C /* Release */ = {
			isa = XCBuildConfiguration;
			baseConfigurationReference = 300FBDECF21A16988DB13395 /* Pods-GoRatio.release.xcconfig */;
			buildSettings = {
				ASSETCATALOG_COMPILER_APPICON_NAME = AppIcon;
				INFOPLIST_FILE = GoRatio/Info.plist;
				IPHONEOS_DEPLOYMENT_TARGET = 7.1;
				LD_RUNPATH_SEARCH_PATHS = "$(inherited) @executable_path/Frameworks";
				PRODUCT_NAME = "$(TARGET_NAME)";
			};
			name = Release;
		};
/* End XCBuildConfiguration section */

/* Begin XCConfigurationList section */
		29D5040C1A24492D00EFF44C /* Build configuration list for PBXProject "GoRatio" */ = {
			isa = XCConfigurationList;
			buildConfigurations = (
				29D504351A24492E00EFF44C /* Debug */,
				29D504361A24492E00EFF44C /* Release */,
			);
			defaultConfigurationIsVisible = 0;
			defaultConfigurationName = Release;
		};
		29D504371A24492E00EFF44C /* Build configuration list for PBXNativeTarget "GoRatio" */ = {
			isa = XCConfigurationList;
			buildConfigurations = (
				29D504381A24492E00EFF44C /* Debug */,
				29D504391A24492E00EFF44C /* Release */,
			);
			defaultConfigurationIsVisible = 0;
			defaultConfigurationName = Release;
		};
/* End XCConfigurationList section */

/* Begin XCVersionGroup section */
		29D5041B1A24492D00EFF44C /* GoRatio.xcdatamodeld */ = {
			isa = XCVersionGroup;
			children = (
				29D5041C1A24492D00EFF44C /* GoRatio.xcdatamodel */,
			);
			currentVersion = 29D5041C1A24492D00EFF44C /* GoRatio.xcdatamodel */;
			path = GoRatio.xcdatamodeld;
			sourceTree = "<group>";
			versionGroupType = wrapper.xcdatamodel;
		};
/* End XCVersionGroup section */
	};
	rootObject = 29D504091A24492D00EFF44C /* Project object */;
}
